<Solution>
  <Folder Name="/src/">
    <Project Path="src/TechYouthBpm.Api/TechYouthBpm.Api.csproj" />
    <Project Path="src/TechYouthBpm.Application/TechYouthBpm.Application.csproj" />
    <Project Path="src/TechYouthBpm.Domain/TechYouthBpm.Domain.csproj" />
    <Project Path="src/TechYouthBpm.Infrastructure/TechYouthBpm.Infrastructure.csproj" />
  </Folder>
  <Folder Name="/tests/">
    <Project Path="tests/TechYouthBpm.Tests/TechYouthBpm.Tests.csproj" />
  </Folder>
</Solution>
